
Microsoft Visual Studio Solution File, Format Version 12.00
# Visual Studio 14
VisualStudioVersion = 14.0.25420.1
MinimumVisualStudioVersion = 10.0.40219.1
Project("{2150E333-8FDC-42A3-9474-1A3956D46DE8}") = "Configuration", "Configuration", "<%= configFolder %>"
	ProjectSection(SolutionItems) = preProject
		.gitattributes = .gitattributes
		.gitignore = .gitignore
		README.md = README.md
		nuget.config = nuget.config
		publishsettings.targets = publishsettings.targets
	EndProjectSection
EndProject
Project("{2150E333-8FDC-42A3-9474-1A3956D46DE8}") = "Feature", "Feature", "<%= featureFolder %>"
EndProject
Project("{2150E333-8FDC-42A3-9474-1A3956D46DE8}") = "Foundation", "Foundation", "<%= foundationFolder %>"
EndProject
Project("{2150E333-8FDC-42A3-9474-1A3956D46DE8}") = "Project", "Project", "<%= projectFolder %>"
EndProject
Project("{FAE04EC0-301F-11D3-BF4B-00C04F79EFBC}") = "<%= solutionName %>.Website", "src\Project\<%= solutionName %>\code\<%= solutionName %>.Website.csproj", "<%= projectGuid %>"
EndProject
Project("{2150E333-8FDC-42A3-9474-1A3956D46DE8}") = "<%= solutionName %>", "<%= solutionName %>", "<%= solutionFolder %>"
EndProject
Global
	GlobalSection(SolutionConfigurationPlatforms) = preSolution
		Debug|Any CPU = Debug|Any CPU
		Debug|x64 = Debug|x64
		Release|Any CPU = Release|Any CPU
		Release|x64 = Release|x64
	EndGlobalSection
	GlobalSection(ProjectConfigurationPlatforms) = postSolution
		<%= projectGuid %>.Debug|Any CPU.ActiveCfg = Debug|Any CPU
		<%= projectGuid %>.Debug|Any CPU.Build.0 = Debug|Any CPU
		<%= projectGuid %>.Debug|x64.ActiveCfg = Debug|Any CPU
		<%= projectGuid %>.Debug|x64.Build.0 = Debug|Any CPU
		<%= projectGuid %>.Release|Any CPU.ActiveCfg = Release|Any CPU
		<%= projectGuid %>.Release|Any CPU.Build.0 = Release|Any CPU
		<%= projectGuid %>.Release|x64.ActiveCfg = Release|Any CPU
		<%= projectGuid %>.Release|x64.Build.0 = Release|Any CPU
	EndGlobalSection
	GlobalSection(SolutionProperties) = preSolution
		HideSolutionNode = FALSE
	EndGlobalSection
	GlobalSection(NestedProjects) = preSolution
		<%= projectGuid %> = <%= solutionFolder %>
		<%= solutionFolder %> = <%= projectFolder %>
	EndGlobalSection
EndGlobal
